// !$*UTF8*$!
{
	archiveVersion = 1;
	classes = {
	};
	objectVersion = 55;
	objects = {

/* Begin PBXBuildFile section */
		3E952B7A251D0378A771222F /* Pods_listWatchApp.framework in Frameworks */ = {isa = PBXBuildFile; fileRef = 1737F7B2DAD126765E5FC4A8 /* Pods_listWatchApp.framework */; };
		A20700B429B08B2200EC4104 /* AppDelegate.swift in Sources */ = {isa = PBXBuildFile; fileRef = A20700B329B08B2200EC4104 /* AppDelegate.swift */; };
		A20700B629B08B2200EC4104 /* SceneDelegate.swift in Sources */ = {isa = PBXBuildFile; fileRef = A20700B529B08B2200EC4104 /* SceneDelegate.swift */; };
		A20700B829B08B2200EC4104 /* ViewController.swift in Sources */ = {isa = PBXBuildFile; fileRef = A20700B729B08B2200EC4104 /* ViewController.swift */; };
		A20700BB29B08B2200EC4104 /* Main.storyboard in Resources */ = {isa = PBXBuildFile; fileRef = A20700B929B08B2200EC4104 /* Main.storyboard */; };
		A20700BD29B08B2300EC4104 /* Assets.xcassets in Resources */ = {isa = PBXBuildFile; fileRef = A20700BC29B08B2300EC4104 /* Assets.xcassets */; };
		A20700C029B08B2300EC4104 /* LaunchScreen.storyboard in Resources */ = {isa = PBXBuildFile; fileRef = A20700BE29B08B2300EC4104 /* LaunchScreen.storyboard */; };
		A20700CA29B08D6B00EC4104 /* GoogleService-Info.plist in Resources */ = {isa = PBXBuildFile; fileRef = A20700C929B08D6B00EC4104 /* GoogleService-Info.plist */; };
		A20700CC29B0913100EC4104 /* SignUpViewController.swift in Sources */ = {isa = PBXBuildFile; fileRef = A20700CB29B0913100EC4104 /* SignUpViewController.swift */; };
		A20700D029B0992A00EC4104 /* LoginViewController.swift in Sources */ = {isa = PBXBuildFile; fileRef = A20700CF29B0992A00EC4104 /* LoginViewController.swift */; };
		A20700D729B21BAD00EC4104 /* watchhViewController.swift in Sources */ = {isa = PBXBuildFile; fileRef = A20700D629B21BAD00EC4104 /* watchhViewController.swift */; };
		A23B79BA29B3B98800BAA3FC /* searchTabBarViewController.swift in Sources */ = {isa = PBXBuildFile; fileRef = A23B79B929B3B98800BAA3FC /* searchTabBarViewController.swift */; };
/* End PBXBuildFile section */

/* Begin PBXFileReference section */
		1737F7B2DAD126765E5FC4A8 /* Pods_listWatchApp.framework */ = {isa = PBXFileReference; explicitFileType = wrapper.framework; includeInIndex = 0; path = Pods_listWatchApp.framework; sourceTree = BUILT_PRODUCTS_DIR; };
		387452E945CFBB38DAC9836C /* Pods-listWatchApp.debug.xcconfig */ = {isa = PBXFileReference; includeInIndex = 1; lastKnownFileType = text.xcconfig; name = "Pods-listWatchApp.debug.xcconfig"; path = "Target Support Files/Pods-listWatchApp/Pods-listWatchApp.debug.xcconfig"; sourceTree = "<group>"; };
		A20700B029B08B2200EC4104 /* listWatchApp.app */ = {isa = PBXFileReference; explicitFileType = wrapper.application; includeInIndex = 0; path = listWatchApp.app; sourceTree = BUILT_PRODUCTS_DIR; };
		A20700B329B08B2200EC4104 /* AppDelegate.swift */ = {isa = PBXFileReference; lastKnownFileType = sourcecode.swift; path = AppDelegate.swift; sourceTree = "<group>"; };
		A20700B529B08B2200EC4104 /* SceneDelegate.swift */ = {isa = PBXFileReference; lastKnownFileType = sourcecode.swift; path = SceneDelegate.swift; sourceTree = "<group>"; };
		A20700B729B08B2200EC4104 /* ViewController.swift */ = {isa = PBXFileReference; lastKnownFileType = sourcecode.swift; path = ViewController.swift; sourceTree = "<group>"; };
		A20700BA29B08B2200EC4104 /* Base */ = {isa = PBXFileReference; lastKnownFileType = file.storyboard; name = Base; path = Base.lproj/Main.storyboard; sourceTree = "<group>"; };
		A20700BC29B08B2300EC4104 /* Assets.xcassets */ = {isa = PBXFileReference; lastKnownFileType = folder.assetcatalog; path = Assets.xcassets; sourceTree = "<group>"; };
		A20700BF29B08B2300EC4104 /* Base */ = {isa = PBXFileReference; lastKnownFileType = file.storyboard; name = Base; path = Base.lproj/LaunchScreen.storyboard; sourceTree = "<group>"; };
		A20700C129B08B2300EC4104 /* Info.plist */ = {isa = PBXFileReference; lastKnownFileType = text.plist.xml; path = Info.plist; sourceTree = "<group>"; };
		A20700C929B08D6B00EC4104 /* GoogleService-Info.plist */ = {isa = PBXFileReference; fileEncoding = 4; lastKnownFileType = text.plist.xml; path = "GoogleService-Info.plist"; sourceTree = "<group>"; };
		A20700CB29B0913100EC4104 /* SignUpViewController.swift */ = {isa = PBXFileReference; lastKnownFileType = sourcecode.swift; path = SignUpViewController.swift; sourceTree = "<group>"; };
		A20700CF29B0992A00EC4104 /* LoginViewController.swift */ = {isa = PBXFileReference; lastKnownFileType = sourcecode.swift; path = LoginViewController.swift; sourceTree = "<group>"; };
		A20700D629B21BAD00EC4104 /* watchhViewController.swift */ = {isa = PBXFileReference; lastKnownFileType = sourcecode.swift; path = watchhViewController.swift; sourceTree = "<group>"; };
		A23B79B929B3B98800BAA3FC /* searchTabBarViewController.swift */ = {isa = PBXFileReference; lastKnownFileType = sourcecode.swift; path = searchTabBarViewController.swift; sourceTree = "<group>"; };
		EDE191632BED32BF83BC893B /* Pods-listWatchApp.release.xcconfig */ = {isa = PBXFileReference; includeInIndex = 1; lastKnownFileType = text.xcconfig; name = "Pods-listWatchApp.release.xcconfig"; path = "Target Support Files/Pods-listWatchApp/Pods-listWatchApp.release.xcconfig"; sourceTree = "<group>"; };
/* End PBXFileReference section */

/* Begin PBXFrameworksBuildPhase section */
		A20700AD29B08B2200EC4104 /* Frameworks */ = {
			isa = PBXFrameworksBuildPhase;
			buildActionMask = 2147483647;
			files = (
				3E952B7A251D0378A771222F /* Pods_listWatchApp.framework in Frameworks */,
			);
			runOnlyForDeploymentPostprocessing = 0;
		};
/* End PBXFrameworksBuildPhase section */

/* Begin PBXGroup section */
		A20700A729B08B2200EC4104 = {
			isa = PBXGroup;
			children = (
				A20700B229B08B2200EC4104 /* listWatchApp */,
				A20700B129B08B2200EC4104 /* Products */,
				DA9C18DC44687AD50E7F3FFE /* Pods */,
				B964425A774D3848B861735F /* Frameworks */,
			);
			sourceTree = "<group>";
		};
		A20700B129B08B2200EC4104 /* Products */ = {
			isa = PBXGroup;
			children = (
				A20700B029B08B2200EC4104 /* listWatchApp.app */,
			);
			name = Products;
			sourceTree = "<group>";
		};
		A20700B229B08B2200EC4104 /* listWatchApp */ = {
			isa = PBXGroup;
			children = (
				A20700DB29B2224900EC4104 /* ViewController */,
				A20700DA29B2223E00EC4104 /* ModelView */,
				A20700B329B08B2200EC4104 /* AppDelegate.swift */,
				A20700B529B08B2200EC4104 /* SceneDelegate.swift */,
				A20700B929B08B2200EC4104 /* Main.storyboard */,
				A20700BC29B08B2300EC4104 /* Assets.xcassets */,
				A20700BE29B08B2300EC4104 /* LaunchScreen.storyboard */,
				A20700C129B08B2300EC4104 /* Info.plist */,
				A20700C929B08D6B00EC4104 /* GoogleService-Info.plist */,
			);
			path = listWatchApp;
			sourceTree = "<group>";
		};
		A20700DA29B2223E00EC4104 /* ModelView */ = {
			isa = PBXGroup;
			children = (
			);
			path = ModelView;
			sourceTree = "<group>";
		};
		A20700DB29B2224900EC4104 /* ViewController */ = {
			isa = PBXGroup;
			children = (
				A20700B729B08B2200EC4104 /* ViewController.swift */,
				A20700CF29B0992A00EC4104 /* LoginViewController.swift */,
				A20700D629B21BAD00EC4104 /* watchhViewController.swift */,
				A20700CB29B0913100EC4104 /* SignUpViewController.swift */,
				A23B79B929B3B98800BAA3FC /* searchTabBarViewController.swift */,
			);
			path = ViewController;
			sourceTree = "<group>";
		};
		B964425A774D3848B861735F /* Frameworks */ = {
			isa = PBXGroup;
			children = (
				1737F7B2DAD126765E5FC4A8 /* Pods_listWatchApp.framework */,
			);
			name = Frameworks;
			sourceTree = "<group>";
		};
		DA9C18DC44687AD50E7F3FFE /* Pods */ = {
			isa = PBXGroup;
			children = (
				387452E945CFBB38DAC9836C /* Pods-listWatchApp.debug.xcconfig */,
				EDE191632BED32BF83BC893B /* Pods-listWatchApp.release.xcconfig */,
			);
			path = Pods;
			sourceTree = "<group>";
		};
/* End PBXGroup section */

/* Begin PBXNativeTarget section */
		A20700AF29B08B2200EC4104 /* listWatchApp */ = {
			isa = PBXNativeTarget;
			buildConfigurationList = A20700C429B08B2300EC4104 /* Build configuration list for PBXNativeTarget "listWatchApp" */;
			buildPhases = (
				5077074690874B7BA63812C1 /* [CP] Check Pods Manifest.lock */,
				A20700AC29B08B2200EC4104 /* Sources */,
				A20700AD29B08B2200EC4104 /* Frameworks */,
				A20700AE29B08B2200EC4104 /* Resources */,
				2906FFF93CCB5DFD8B145361 /* [CP] Embed Pods Frameworks */,
			);
			buildRules = (
			);
			dependencies = (
			);
			name = listWatchApp;
			productName = listWatchApp;
			productReference = A20700B029B08B2200EC4104 /* listWatchApp.app */;
			productType = "com.apple.product-type.application";
		};
/* End PBXNativeTarget section */

/* Begin PBXProject section */
		A20700A829B08B2200EC4104 /* Project object */ = {
			isa = PBXProject;
			attributes = {
				BuildIndependentTargetsInParallel = 1;
				LastSwiftUpdateCheck = 1340;
				LastUpgradeCheck = 1340;
				TargetAttributes = {
					A20700AF29B08B2200EC4104 = {
						CreatedOnToolsVersion = 13.4.1;
					};
				};
			};
			buildConfigurationList = A20700AB29B08B2200EC4104 /* Build configuration list for PBXProject "listWatchApp" */;
			compatibilityVersion = "Xcode 13.0";
			developmentRegion = en;
			hasScannedForEncodings = 0;
			knownRegions = (
				en,
				Base,
			);
			mainGroup = A20700A729B08B2200EC4104;
			productRefGroup = A20700B129B08B2200EC4104 /* Products */;
			projectDirPath = "";
			projectRoot = "";
			targets = (
				A20700AF29B08B2200EC4104 /* listWatchApp */,
			);
		};
/* End PBXProject section */

/* Begin PBXResourcesBuildPhase section */
		A20700AE29B08B2200EC4104 /* Resources */ = {
			isa = PBXResourcesBuildPhase;
			buildActionMask = 2147483647;
			files = (
				A20700C029B08B2300EC4104 /* LaunchScreen.storyboard in Resources */,
				A20700CA29B08D6B00EC4104 /* GoogleService-Info.plist in Resources */,
				A20700BD29B08B2300EC4104 /* Assets.xcassets in Resources */,
				A20700BB29B08B2200EC4104 /* Main.storyboard in Resources */,
			);
			runOnlyForDeploymentPostprocessing = 0;
		};
/* End PBXResourcesBuildPhase section */

/* Begin PBXShellScriptBuildPhase section */
		2906FFF93CCB5DFD8B145361 /* [CP] Embed Pods Frameworks */ = {
			isa = PBXShellScriptBuildPhase;
			buildActionMask = 2147483647;
			files = (
			);
			inputFileListPaths = (
				"${PODS_ROOT}/Target Support Files/Pods-listWatchApp/Pods-listWatchApp-frameworks-${CONFIGURATION}-input-files.xcfilelist",
			);
			name = "[CP] Embed Pods Frameworks";
			outputFileListPaths = (
				"${PODS_ROOT}/Target Support Files/Pods-listWatchApp/Pods-listWatchApp-frameworks-${CONFIGURATION}-output-files.xcfilelist",
			);
			runOnlyForDeploymentPostprocessing = 0;
			shellPath = /bin/sh;
			shellScript = "\"${PODS_ROOT}/Target Support Files/Pods-listWatchApp/Pods-listWatchApp-frameworks.sh\"\n";
			showEnvVarsInLog = 0;
		};
		5077074690874B7BA63812C1 /* [CP] Check Pods Manifest.lock */ = {
			isa = PBXShellScriptBuildPhase;
			buildActionMask = 2147483647;
			files = (
			);
			inputFileListPaths = (
			);
			inputPaths = (
				"${PODS_PODFILE_DIR_PATH}/Podfile.lock",
				"${PODS_ROOT}/Manifest.lock",
			);
			name = "[CP] Check Pods Manifest.lock";
			outputFileListPaths = (
			);
			outputPaths = (
				"$(DERIVED_FILE_DIR)/Pods-listWatchApp-checkManifestLockResult.txt",
			);
			runOnlyForDeploymentPostprocessing = 0;
			shellPath = /bin/sh;
			shellScript = "diff \"${PODS_PODFILE_DIR_PATH}/Podfile.lock\" \"${PODS_ROOT}/Manifest.lock\" > /dev/null\nif [ $? != 0 ] ; then\n    # print error to STDERR\n    echo \"error: The sandbox is not in sync with the Podfile.lock. Run 'pod install' or update your CocoaPods installation.\" >&2\n    exit 1\nfi\n# This output is used by Xcode 'outputs' to avoid re-running this script phase.\necho \"SUCCESS\" > \"${SCRIPT_OUTPUT_FILE_0}\"\n";
			showEnvVarsInLog = 0;
		};
/* End PBXShellScriptBuildPhase section */

/* Begin PBXSourcesBuildPhase section */
		A20700AC29B08B2200EC4104 /* Sources */ = {
			isa = PBXSourcesBuildPhase;
			buildActionMask = 2147483647;
			files = (
				A23B79BA29B3B98800BAA3FC /* searchTabBarViewController.swift in Sources */,
				A20700B829B08B2200EC4104 /* ViewController.swift in Sources */,
				A20700B429B08B2200EC4104 /* AppDelegate.swift in Sources */,
				A20700CC29B0913100EC4104 /* SignUpViewController.swift in Sources */,
				A20700D029B0992A00EC4104 /* LoginViewController.swift in Sources */,
				A20700B629B08B2200EC4104 /* SceneDelegate.swift in Sources */,
				A20700D729B21BAD00EC4104 /* watchhViewController.swift in Sources */,
			);
			runOnlyForDeploymentPostprocessing = 0;
		};
/* End PBXSourcesBuildPhase section */

/* Begin PBXVariantGroup section */
		A20700B929B08B2200EC4104 /* Main.storyboard */ = {
			isa = PBXVariantGroup;
			children = (
				A20700BA29B08B2200EC4104 /* Base */,
			);
			name = Main.storyboard;
			sourceTree = "<group>";
		};
		A20700BE29B08B2300EC4104 /* LaunchScreen.storyboard */ = {
			isa = PBXVariantGroup;
			children = (
				A20700BF29B08B2300EC4104 /* Base */,
			);
			name = LaunchScreen.storyboard;
			sourceTree = "<group>";
		};
/* End PBXVariantGroup section */

/* Begin XCBuildConfiguration section */
		A20700C229B08B2300EC4104 /* Debug */ = {
			isa = XCBuildConfiguration;
			buildSettings = {
				ALWAYS_SEARCH_USER_PATHS = NO;
				CLANG_ANALYZER_NONNULL = YES;
				CLANG_ANALYZER_NUMBER_OBJECT_CONVERSION = YES_AGGRESSIVE;
				CLANG_CXX_LANGUAGE_STANDARD = "gnu++17";
				CLANG_ENABLE_MODULES = YES;
				CLANG_ENABLE_OBJC_ARC = YES;
				CLANG_ENABLE_OBJC_WEAK = YES;
				CLANG_WARN_BLOCK_CAPTURE_AUTORELEASING = YES;
				CLANG_WARN_BOOL_CONVERSION = YES;
				CLANG_WARN_COMMA = YES;
				CLANG_WARN_CONSTANT_CONVERSION = YES;
				CLANG_WARN_DEPRECATED_OBJC_IMPLEMENTATIONS = YES;
				CLANG_WARN_DIRECT_OBJC_ISA_USAGE = YES_ERROR;
				CLANG_WARN_DOCUMENTATION_COMMENTS = YES;
				CLANG_WARN_EMPTY_BODY = YES;
				CLANG_WARN_ENUM_CONVERSION = YES;
				CLANG_WARN_INFINITE_RECURSION = YES;
				CLANG_WARN_INT_CONVERSION = YES;
				CLANG_WARN_NON_LITERAL_NULL_CONVERSION = YES;
				CLANG_WARN_OBJC_IMPLICIT_RETAIN_SELF = YES;
				CLANG_WARN_OBJC_LITERAL_CONVERSION = YES;
				CLANG_WARN_OBJC_ROOT_CLASS = YES_ERROR;
				CLANG_WARN_QUOTED_INCLUDE_IN_FRAMEWORK_HEADER = YES;
				CLANG_WARN_RANGE_LOOP_ANALYSIS = YES;
				CLANG_WARN_STRICT_PROTOTYPES = YES;
				CLANG_WARN_SUSPICIOUS_MOVE = YES;
				CLANG_WARN_UNGUARDED_AVAILABILITY = YES_AGGRESSIVE;
				CLANG_WARN_UNREACHABLE_CODE = YES;
				CLANG_WARN__DUPLICATE_METHOD_MATCH = YES;
				COPY_PHASE_STRIP = NO;
				DEBUG_INFORMATION_FORMAT = dwarf;
				ENABLE_STRICT_OBJC_MSGSEND = YES;
				ENABLE_TESTABILITY = YES;
				GCC_C_LANGUAGE_STANDARD = gnu11;
				GCC_DYNAMIC_NO_PIC = NO;
				GCC_NO_COMMON_BLOCKS = YES;
				GCC_OPTIMIZATION_LEVEL = 0;
				GCC_PREPROCESSOR_DEFINITIONS = (
					"DEBUG=1",
					"$(inherited)",
				);
				GCC_WARN_64_TO_32_BIT_CONVERSION = YES;
				GCC_WARN_ABOUT_RETURN_TYPE = YES_ERROR;
				GCC_WARN_UNDECLARED_SELECTOR = YES;
				GCC_WARN_UNINITIALIZED_AUTOS = YES_AGGRESSIVE;
				GCC_WARN_UNUSED_FUNCTION = YES;
				GCC_WARN_UNUSED_VARIABLE = YES;
				IPHONEOS_DEPLOYMENT_TARGET = 15.5;
				MTL_ENABLE_DEBUG_INFO = INCLUDE_SOURCE;
				MTL_FAST_MATH = YES;
				ONLY_ACTIVE_ARCH = YES;
				SDKROOT = iphoneos;
				SWIFT_ACTIVE_COMPILATION_CONDITIONS = DEBUG;
				SWIFT_OPTIMIZATION_LEVEL = "-Onone";
			};
			name = Debug;
		};
		A20700C329B08B2300EC4104 /* Release */ = {
			isa = XCBuildConfiguration;
			buildSettings = {
				ALWAYS_SEARCH_USER_PATHS = NO;
				CLANG_ANALYZER_NONNULL = YES;
				CLANG_ANALYZER_NUMBER_OBJECT_CONVERSION = YES_AGGRESSIVE;
				CLANG_CXX_LANGUAGE_STANDARD = "gnu++17";
				CLANG_ENABLE_MODULES = YES;
				CLANG_ENABLE_OBJC_ARC = YES;
				CLANG_ENABLE_OBJC_WEAK = YES;
				CLANG_WARN_BLOCK_CAPTURE_AUTORELEASING = YES;
				CLANG_WARN_BOOL_CONVERSION = YES;
				CLANG_WARN_COMMA = YES;
				CLANG_WARN_CONSTANT_CONVERSION = YES;
				CLANG_WARN_DEPRECATED_OBJC_IMPLEMENTATIONS = YES;
				CLANG_WARN_DIRECT_OBJC_ISA_USAGE = YES_ERROR;
				CLANG_WARN_DOCUMENTATION_COMMENTS = YES;
				CLANG_WARN_EMPTY_BODY = YES;
				CLANG_WARN_ENUM_CONVERSION = YES;
				CLANG_WARN_INFINITE_RECURSION = YES;
				CLANG_WARN_INT_CONVERSION = YES;
				CLANG_WARN_NON_LITERAL_NULL_CONVERSION = YES;
				CLANG_WARN_OBJC_IMPLICIT_RETAIN_SELF = YES;
				CLANG_WARN_OBJC_LITERAL_CONVERSION = YES;
				CLANG_WARN_OBJC_ROOT_CLASS = YES_ERROR;
				CLANG_WARN_QUOTED_INCLUDE_IN_FRAMEWORK_HEADER = YES;
				CLANG_WARN_RANGE_LOOP_ANALYSIS = YES;
				CLANG_WARN_STRICT_PROTOTYPES = YES;
				CLANG_WARN_SUSPICIOUS_MOVE = YES;
				CLANG_WARN_UNGUARDED_AVAILABILITY = YES_AGGRESSIVE;
				CLANG_WARN_UNREACHABLE_CODE = YES;
				CLANG_WARN__DUPLICATE_METHOD_MATCH = YES;
				COPY_PHASE_STRIP = NO;
				DEBUG_INFORMATION_FORMAT = "dwarf-with-dsym";
				ENABLE_NS_ASSERTIONS = NO;
				ENABLE_STRICT_OBJC_MSGSEND = YES;
				GCC_C_LANGUAGE_STANDARD = gnu11;
				GCC_NO_COMMON_BLOCKS = YES;
				GCC_WARN_64_TO_32_BIT_CONVERSION = YES;
				GCC_WARN_ABOUT_RETURN_TYPE = YES_ERROR;
				GCC_WARN_UNDECLARED_SELECTOR = YES;
				GCC_WARN_UNINITIALIZED_AUTOS = YES_AGGRESSIVE;
				GCC_WARN_UNUSED_FUNCTION = YES;
				GCC_WARN_UNUSED_VARIABLE = YES;
				IPHONEOS_DEPLOYMENT_TARGET = 15.5;
				MTL_ENABLE_DEBUG_INFO = NO;
				MTL_FAST_MATH = YES;
				SDKROOT = iphoneos;
				SWIFT_COMPILATION_MODE = wholemodule;
				SWIFT_OPTIMIZATION_LEVEL = "-O";
				VALIDATE_PRODUCT = YES;
			};
			name = Release;
		};
		A20700C529B08B2300EC4104 /* Debug */ = {
			isa = XCBuildConfiguration;
			baseConfigurationReference = 387452E945CFBB38DAC9836C /* Pods-listWatchApp.debug.xcconfig */;
			buildSettings = {
				ASSETCATALOG_COMPILER_APPICON_NAME = AppIcon;
				ASSETCATALOG_COMPILER_GLOBAL_ACCENT_COLOR_NAME = AccentColor;
				CODE_SIGN_STYLE = Automatic;
				CURRENT_PROJECT_VERSION = 1;
				DEVELOPMENT_TEAM = RN3SC24S4G;
				GENERATE_INFOPLIST_FILE = YES;
				INFOPLIST_FILE = listWatchApp/Info.plist;
				INFOPLIST_KEY_UIApplicationSupportsIndirectInputEvents = YES;
				INFOPLIST_KEY_UILaunchStoryboardName = LaunchScreen;
				INFOPLIST_KEY_UIMainStoryboardFile = Main;
				INFOPLIST_KEY_UISupportedInterfaceOrientations_iPad = "UIInterfaceOrientationPortrait UIInterfaceOrientationPortraitUpsideDown UIInterfaceOrientationLandscapeLeft UIInterfaceOrientationLandscapeRight";
				INFOPLIST_KEY_UISupportedInterfaceOrientations_iPhone = "UIInterfaceOrientationPortrait UIInterfaceOrientationLandscapeLeft UIInterfaceOrientationLandscapeRight";
				LD_RUNPATH_SEARCH_PATHS = (
					"$(inherited)",
					"@executable_path/Frameworks",
				);
				MARKETING_VERSION = 1.0;
				PRODUCT_BUNDLE_IDENTIFIER = com.alperenkavuk.listWatchApp;
				PRODUCT_NAME = "$(TARGET_NAME)";
				SWIFT_EMIT_LOC_STRINGS = YES;
				SWIFT_VERSION = 5.0;
				TARGETED_DEVICE_FAMILY = "1,2";
			};
			name = Debug;
		};
		A20700C629B08B2300EC4104 /* Release */ = {
			isa = XCBuildConfiguration;
			baseConfigurationReference = EDE191632BED32BF83BC893B /* Pods-listWatchApp.release.xcconfig */;
			buildSettings = {
				ASSETCATALOG_COMPILER_APPICON_NAME = AppIcon;
				ASSETCATALOG_COMPILER_GLOBAL_ACCENT_COLOR_NAME = AccentColor;
				CODE_SIGN_STYLE = Automatic;
				CURRENT_PROJECT_VERSION = 1;
				DEVELOPMENT_TEAM = RN3SC24S4G;
				GENERATE_INFOPLIST_FILE = YES;
				INFOPLIST_FILE = listWatchApp/Info.plist;
				INFOPLIST_KEY_UIApplicationSupportsIndirectInputEvents = YES;
				INFOPLIST_KEY_UILaunchStoryboardName = LaunchScreen;
				INFOPLIST_KEY_UIMainStoryboardFile = Main;
				INFOPLIST_KEY_UISupportedInterfaceOrientations_iPad = "UIInterfaceOrientationPortrait UIInterfaceOrientationPortraitUpsideDown UIInterfaceOrientationLandscapeLeft UIInterfaceOrientationLandscapeRight";
				INFOPLIST_KEY_UISupportedInterfaceOrientations_iPhone = "UIInterfaceOrientationPortrait UIInterfaceOrientationLandscapeLeft UIInterfaceOrientationLandscapeRight";
				LD_RUNPATH_SEARCH_PATHS = (
					"$(inherited)",
					"@executable_path/Frameworks",
				);
				MARKETING_VERSION = 1.0;
				PRODUCT_BUNDLE_IDENTIFIER = com.alperenkavuk.listWatchApp;
				PRODUCT_NAME = "$(TARGET_NAME)";
				SWIFT_EMIT_LOC_STRINGS = YES;
				SWIFT_VERSION = 5.0;
				TARGETED_DEVICE_FAMILY = "1,2";
			};
			name = Release;
		};
/* End XCBuildConfiguration section */

/* Begin XCConfigurationList section */
		A20700AB29B08B2200EC4104 /* Build configuration list for PBXProject "listWatchApp" */ = {
			isa = XCConfigurationList;
			buildConfigurations = (
				A20700C229B08B2300EC4104 /* Debug */,
				A20700C329B08B2300EC4104 /* Release */,
			);
			defaultConfigurationIsVisible = 0;
			defaultConfigurationName = Release;
		};
		A20700C429B08B2300EC4104 /* Build configuration list for PBXNativeTarget "listWatchApp" */ = {
			isa = XCConfigurationList;
			buildConfigurations = (
				A20700C529B08B2300EC4104 /* Debug */,
				A20700C629B08B2300EC4104 /* Release */,
			);
			defaultConfigurationIsVisible = 0;
			defaultConfigurationName = Release;
		};
/* End XCConfigurationList section */
	};
	rootObject = A20700A829B08B2200EC4104 /* Project object */;
}
